
Microsoft Visual Studio Solution File, Format Version 12.00
# Visual Studio 14
VisualStudioVersion = 14.0.24720.0
MinimumVisualStudioVersion = 10.0.40219.1
Project("{FAE04EC0-301F-11D3-BF4B-00C04F79EFBC}") = "Problem1", "Problem1\Problem1.csproj", "{0DC3A70A-D8F4-44F6-BCD7-9DEA55FEDABE}"
EndProject
Project("{FAE04EC0-301F-11D3-BF4B-00C04F79EFBC}") = "Problem2", "Problem2\Problem2.csproj", "{71C93767-2697-43BD-BED9-A554DB89A665}"
EndProject
Global
	GlobalSection(SolutionConfigurationPlatforms) = preSolution
		Debug|Any CPU = Debug|Any CPU
		Release|Any CPU = Release|Any CPU
	EndGlobalSection
	GlobalSection(ProjectConfigurationPlatforms) = postSolution
		{0DC3A70A-D8F4-44F6-BCD7-9DEA55FEDABE}.Debug|Any CPU.ActiveCfg = Debug|Any CPU
		{0DC3A70A-D8F4-44F6-BCD7-9DEA55FEDABE}.Debug|Any CPU.Build.0 = Debug|Any CPU
		{0DC3A70A-D8F4-44F6-BCD7-9DEA55FEDABE}.Release|Any CPU.ActiveCfg = Release|Any CPU
		{0DC3A70A-D8F4-44F6-BCD7-9DEA55FEDABE}.Release|Any CPU.Build.0 = Release|Any CPU
		{71C93767-2697-43BD-BED9-A554DB89A665}.Debug|Any CPU.ActiveCfg = Debug|Any CPU
		{71C93767-2697-43BD-BED9-A554DB89A665}.Debug|Any CPU.Build.0 = Debug|Any CPU
		{71C93767-2697-43BD-BED9-A554DB89A665}.Release|Any CPU.ActiveCfg = Release|Any CPU
		{71C93767-2697-43BD-BED9-A554DB89A665}.Release|Any CPU.Build.0 = Release|Any CPU
	EndGlobalSection
	GlobalSection(SolutionProperties) = preSolution
		HideSolutionNode = FALSE
	EndGlobalSection
EndGlobal
